
Microsoft Visual Studio Solution File, Format Version 12.00
# Visual Studio Version 16
VisualStudioVersion = 16.0.31515.178
MinimumVisualStudioVersion = 10.0.40219.1
Project("{FAE04EC0-301F-11D3-BF4B-00C04F79EFBC}") = "WebCrashV2.LIB", "WebCrashV2.LIB\WebCrashV2.LIB.csproj", "{8A25C12A-3BDE-4C0B-9C2E-F242F0E02E27}"
EndProject
Project("{FAE04EC0-301F-11D3-BF4B-00C04F79EFBC}") = "WebCrashV2.View", "WebCrashV2.View\WebCrashV2.View.csproj", "{9020DE1B-2EC8-48C2-8A6A-A69FB3DBEDA3}"
EndProject
Project("{FAE04EC0-301F-11D3-BF4B-00C04F79EFBC}") = "TestProject1", "TestProject1\TestProject1.csproj", "{F6C7A289-0FD9-443D-9BBF-749F64D5BA1B}"
	ProjectSection(ProjectDependencies) = postProject
		{8A25C12A-3BDE-4C0B-9C2E-F242F0E02E27} = {8A25C12A-3BDE-4C0B-9C2E-F242F0E02E27}
	EndProjectSection
EndProject
Global
	GlobalSection(SolutionConfigurationPlatforms) = preSolution
		Debug|Any CPU = Debug|Any CPU
		Release|Any CPU = Release|Any CPU
	EndGlobalSection
	GlobalSection(ProjectConfigurationPlatforms) = postSolution
		{8A25C12A-3BDE-4C0B-9C2E-F242F0E02E27}.Debug|Any CPU.ActiveCfg = Debug|Any CPU
		{8A25C12A-3BDE-4C0B-9C2E-F242F0E02E27}.Debug|Any CPU.Build.0 = Debug|Any CPU
		{8A25C12A-3BDE-4C0B-9C2E-F242F0E02E27}.Release|Any CPU.ActiveCfg = Release|Any CPU
		{8A25C12A-3BDE-4C0B-9C2E-F242F0E02E27}.Release|Any CPU.Build.0 = Release|Any CPU
		{9020DE1B-2EC8-48C2-8A6A-A69FB3DBEDA3}.Debug|Any CPU.ActiveCfg = Debug|Any CPU
		{9020DE1B-2EC8-48C2-8A6A-A69FB3DBEDA3}.Debug|Any CPU.Build.0 = Debug|Any CPU
		{9020DE1B-2EC8-48C2-8A6A-A69FB3DBEDA3}.Release|Any CPU.ActiveCfg = Release|Any CPU
		{9020DE1B-2EC8-48C2-8A6A-A69FB3DBEDA3}.Release|Any CPU.Build.0 = Release|Any CPU
		{F6C7A289-0FD9-443D-9BBF-749F64D5BA1B}.Debug|Any CPU.ActiveCfg = Debug|Any CPU
		{F6C7A289-0FD9-443D-9BBF-749F64D5BA1B}.Debug|Any CPU.Build.0 = Debug|Any CPU
		{F6C7A289-0FD9-443D-9BBF-749F64D5BA1B}.Release|Any CPU.ActiveCfg = Release|Any CPU
		{F6C7A289-0FD9-443D-9BBF-749F64D5BA1B}.Release|Any CPU.Build.0 = Release|Any CPU
	EndGlobalSection
	GlobalSection(SolutionProperties) = preSolution
		HideSolutionNode = FALSE
	EndGlobalSection
	GlobalSection(ExtensibilityGlobals) = postSolution
		SolutionGuid = {19CCA26F-544A-426B-9FBD-9ECE206A5D0D}
	EndGlobalSection
EndGlobal
